
Microsoft Visual Studio Solution File, Format Version 12.00
# Visual Studio Version 17
VisualStudioVersion = 17.1.32414.318
MinimumVisualStudioVersion = 10.0.40219.1
Project("{9A19103F-16F7-4668-BE54-9A1E7A4F7556}") = "APIGateway", "ApIGateway\APIGateway.csproj", "{2F6A930E-4F79-4F0E-B35B-E6BB2A96E73C}"
EndProject
Project("{9A19103F-16F7-4668-BE54-9A1E7A4F7556}") = "ServiceA", "ServiceA\ServiceA.csproj", "{1C931F4E-BE88-4D54-8F55-D498628577A4}"
EndProject
Project("{9A19103F-16F7-4668-BE54-9A1E7A4F7556}") = "ServiceAA", "ServiceAA\ServiceAA.csproj", "{B85B41CF-289B-4B6E-9F1A-C54FF40FB53D}"
EndProject
Global
	GlobalSection(SolutionConfigurationPlatforms) = preSolution
		Debug|Any CPU = Debug|Any CPU
		Release|Any CPU = Release|Any CPU
	EndGlobalSection
	GlobalSection(ProjectConfigurationPlatforms) = postSolution
		{2F6A930E-4F79-4F0E-B35B-E6BB2A96E73C}.Debug|Any CPU.ActiveCfg = Debug|Any CPU
		{2F6A930E-4F79-4F0E-B35B-E6BB2A96E73C}.Debug|Any CPU.Build.0 = Debug|Any CPU
		{2F6A930E-4F79-4F0E-B35B-E6BB2A96E73C}.Release|Any CPU.ActiveCfg = Release|Any CPU
		{2F6A930E-4F79-4F0E-B35B-E6BB2A96E73C}.Release|Any CPU.Build.0 = Release|Any CPU
		{1C931F4E-BE88-4D54-8F55-D498628577A4}.Debug|Any CPU.ActiveCfg = Debug|Any CPU
		{1C931F4E-BE88-4D54-8F55-D498628577A4}.Debug|Any CPU.Build.0 = Debug|Any CPU
		{1C931F4E-BE88-4D54-8F55-D498628577A4}.Release|Any CPU.ActiveCfg = Release|Any CPU
		{1C931F4E-BE88-4D54-8F55-D498628577A4}.Release|Any CPU.Build.0 = Release|Any CPU
		{B85B41CF-289B-4B6E-9F1A-C54FF40FB53D}.Debug|Any CPU.ActiveCfg = Debug|Any CPU
		{B85B41CF-289B-4B6E-9F1A-C54FF40FB53D}.Debug|Any CPU.Build.0 = Debug|Any CPU
		{B85B41CF-289B-4B6E-9F1A-C54FF40FB53D}.Release|Any CPU.ActiveCfg = Release|Any CPU
		{B85B41CF-289B-4B6E-9F1A-C54FF40FB53D}.Release|Any CPU.Build.0 = Release|Any CPU
	EndGlobalSection
	GlobalSection(SolutionProperties) = preSolution
		HideSolutionNode = FALSE
	EndGlobalSection
	GlobalSection(ExtensibilityGlobals) = postSolution
		SolutionGuid = {BC13F154-2878-479E-8026-B551BBE2EF90}
	EndGlobalSection
EndGlobal
